
Microsoft Visual Studio Solution File, Format Version 12.00
# Visual Studio Version 17
VisualStudioVersion = 17.11.35327.3
MinimumVisualStudioVersion = 10.0.40219.1
Project("{2150E333-8FDC-42A3-9474-1A3956D46DE8}") = "Task0", "Task0", "{93D4F503-8EE2-491B-824F-A6A2934731A9}"
EndProject
Project("{FAE04EC0-301F-11D3-BF4B-00C04F79EFBC}") = "Tyuiu.AsharabzyanovaAR.Sprint2.Task0.V24", "Tyuiu.AsharabzyanovaAR.Sprint2.Task0.V24\Tyuiu.AsharabzyanovaAR.Sprint2.Task0.V24.csproj", "{D5D7633C-E516-4B5F-A928-C67BD1D70311}"
EndProject
Project("{FAE04EC0-301F-11D3-BF4B-00C04F79EFBC}") = "Tyuiu.AsharabzyanovaAR.Sprint2.Task0.V24.Lib", "Tyuiu.AsharabzyanovaAR.Sprint2.Task0.V24.Lib\Tyuiu.AsharabzyanovaAR.Sprint2.Task0.V24.Lib.csproj", "{722E7F88-42A3-41C6-A7E7-DFDC8614520B}"
EndProject
Project("{FAE04EC0-301F-11D3-BF4B-00C04F79EFBC}") = "Tyuiu.AsharabzyanovaAR.Sprint2.Task0.V24.Test", "Tyuiu.AsharabzyanovaAR.Sprint2.Task0.V24.Test\Tyuiu.AsharabzyanovaAR.Sprint2.Task0.V24.Test.csproj", "{31E16DAC-1833-49F0-9799-6B080FED3036}"
EndProject
Project("{2150E333-8FDC-42A3-9474-1A3956D46DE8}") = "Task1", "Task1", "{6C1C5F27-4A56-4C17-9C92-D4810A2E8E8B}"
EndProject
Project("{FAE04EC0-301F-11D3-BF4B-00C04F79EFBC}") = "Tyuiu.AsharabzyanovaAR.Sprint2.Task1.V1", "Tyuiu.AsharabzyanovaAR.Sprint2.Task1.V1\Tyuiu.AsharabzyanovaAR.Sprint2.Task1.V1.csproj", "{5C9909D7-0E19-47FF-B3E7-E0CCBAA519F9}"
EndProject
Project("{FAE04EC0-301F-11D3-BF4B-00C04F79EFBC}") = "Tyuiu.AsharabzyanovaAR.Sprint2.Task1.V1.Lib", "Tyuiu.AsharabzyanovaAR.Sprint2.Task1.V1.Lib\Tyuiu.AsharabzyanovaAR.Sprint2.Task1.V1.Lib.csproj", "{32427911-16AE-4D97-ADB9-FA93EEE3A107}"
EndProject
Project("{FAE04EC0-301F-11D3-BF4B-00C04F79EFBC}") = "Tyuiu.AsharabzyanovaAR.Sprint2.Task1.V1.Test", "Tyuiu.AsharabzyanovaAR.Sprint2.Task1.V1.Test\Tyuiu.AsharabzyanovaAR.Sprint2.Task1.V1.Test.csproj", "{06E79C8D-02B6-4341-89E6-3B8619211389}"
EndProject
Project("{2150E333-8FDC-42A3-9474-1A3956D46DE8}") = "Task2", "Task2", "{BC66CAF8-BA99-4C94-8AA1-569DED2F6E22}"
EndProject
Project("{FAE04EC0-301F-11D3-BF4B-00C04F79EFBC}") = "Tyuiu.AsharabzyanovaAR.Sprint2.Task2.V23", "Tyuiu.AsharabzyanovaAR.Sprint2.Task2.V23\Tyuiu.AsharabzyanovaAR.Sprint2.Task2.V23.csproj", "{D5ACF66B-68B4-44BE-9004-D0C445D00FF9}"
EndProject
Project("{FAE04EC0-301F-11D3-BF4B-00C04F79EFBC}") = "Tyuiu.AsharabzyanovaAR.Sprint2.Task2.V23.Lib", "Tyuiu.AsharabzyanovaAR.Sprint2.Task2.V23.Lib\Tyuiu.AsharabzyanovaAR.Sprint2.Task2.V23.Lib.csproj", "{1CB57F8D-69F5-4211-BC16-12711B5A1655}"
EndProject
Project("{FAE04EC0-301F-11D3-BF4B-00C04F79EFBC}") = "Tyuiu.AsharabzyanovaAR.Sprint2.Task2.V23.Test", "Tyuiu.AsharabzyanovaAR.Sprint2.Task2.V23.Test\Tyuiu.AsharabzyanovaAR.Sprint2.Task2.V23.Test.csproj", "{20F9F9C3-36AC-4B02-B4ED-FE48DDB7A4A7}"
EndProject
Project("{2150E333-8FDC-42A3-9474-1A3956D46DE8}") = "Task3", "Task3", "{D58B0B76-9FA1-4EC6-91E4-74AE61198B42}"
EndProject
Project("{FAE04EC0-301F-11D3-BF4B-00C04F79EFBC}") = "Tyuiu.AsharabzyanovaAR.Sprint2.Task3.V20", "Tyuiu.AsharabzyanovaAR.Sprint2.Task3.V20\Tyuiu.AsharabzyanovaAR.Sprint2.Task3.V20.csproj", "{92CF836F-8569-4C52-B368-EF236447A58C}"
EndProject
Project("{FAE04EC0-301F-11D3-BF4B-00C04F79EFBC}") = "Tyuiu.AsharabzyanovaAR.Sprint2.Task3.V20.Lib", "Tyuiu.AsharabzyanovaAR.Sprint2.Task3.V20.Lib\Tyuiu.AsharabzyanovaAR.Sprint2.Task3.V20.Lib.csproj", "{65DAA723-5635-4397-A45A-0BF2FA21F9DA}"
EndProject
Project("{FAE04EC0-301F-11D3-BF4B-00C04F79EFBC}") = "Tyuiu.AsharabzyanovaAR.Sprint2.Task3.V20.Test", "Tyuiu.AsharabzyanovaAR.Sprint2.Task3.V20.Test\Tyuiu.AsharabzyanovaAR.Sprint2.Task3.V20.Test.csproj", "{2102DB89-B632-4EB7-AB77-82DF0EE62D34}"
EndProject
Project("{2150E333-8FDC-42A3-9474-1A3956D46DE8}") = "Task4", "Task4", "{5E73D280-8D5E-4A5F-A8D3-EEFB3C84016E}"
EndProject
Project("{FAE04EC0-301F-11D3-BF4B-00C04F79EFBC}") = "Tyuiu.AsharabzyanovaAR.Sprint2.Task4.V28", "Tyuiu.AsharabzyanovaAR.Sprint2.Task4.V28\Tyuiu.AsharabzyanovaAR.Sprint2.Task4.V28.csproj", "{5D514192-C2E7-487E-9A18-09DB5898A16C}"
EndProject
Project("{FAE04EC0-301F-11D3-BF4B-00C04F79EFBC}") = "Tyuiu.AsharabzyanovaAR.Sprint2.Task4.V28.Lib", "Tyuiu.AsharabzyanovaAR.Sprint2.Task4.V28.Lib\Tyuiu.AsharabzyanovaAR.Sprint2.Task4.V28.Lib.csproj", "{1BFDAF99-DBE3-4325-B598-C40A7D5C50EA}"
EndProject
Project("{FAE04EC0-301F-11D3-BF4B-00C04F79EFBC}") = "Tyuiu.AsharabzyanovaAR.Sprint2.Task4.V28.Test", "Tyuiu.AsharabzyanovaAR.Sprint2.Task4.V28.Test\Tyuiu.AsharabzyanovaAR.Sprint2.Task4.V28.Test.csproj", "{00568E35-B98C-4366-8F13-3323679F6A1A}"
EndProject
Global
	GlobalSection(SolutionConfigurationPlatforms) = preSolution
		Debug|Any CPU = Debug|Any CPU
		Release|Any CPU = Release|Any CPU
	EndGlobalSection
	GlobalSection(ProjectConfigurationPlatforms) = postSolution
		{D5D7633C-E516-4B5F-A928-C67BD1D70311}.Debug|Any CPU.ActiveCfg = Debug|Any CPU
		{D5D7633C-E516-4B5F-A928-C67BD1D70311}.Debug|Any CPU.Build.0 = Debug|Any CPU
		{D5D7633C-E516-4B5F-A928-C67BD1D70311}.Release|Any CPU.ActiveCfg = Release|Any CPU
		{D5D7633C-E516-4B5F-A928-C67BD1D70311}.Release|Any CPU.Build.0 = Release|Any CPU
		{722E7F88-42A3-41C6-A7E7-DFDC8614520B}.Debug|Any CPU.ActiveCfg = Debug|Any CPU
		{722E7F88-42A3-41C6-A7E7-DFDC8614520B}.Debug|Any CPU.Build.0 = Debug|Any CPU
		{722E7F88-42A3-41C6-A7E7-DFDC8614520B}.Release|Any CPU.ActiveCfg = Release|Any CPU
		{722E7F88-42A3-41C6-A7E7-DFDC8614520B}.Release|Any CPU.Build.0 = Release|Any CPU
		{31E16DAC-1833-49F0-9799-6B080FED3036}.Debug|Any CPU.ActiveCfg = Debug|Any CPU
		{31E16DAC-1833-49F0-9799-6B080FED3036}.Debug|Any CPU.Build.0 = Debug|Any CPU
		{31E16DAC-1833-49F0-9799-6B080FED3036}.Release|Any CPU.ActiveCfg = Release|Any CPU
		{31E16DAC-1833-49F0-9799-6B080FED3036}.Release|Any CPU.Build.0 = Release|Any CPU
		{5C9909D7-0E19-47FF-B3E7-E0CCBAA519F9}.Debug|Any CPU.ActiveCfg = Debug|Any CPU
		{5C9909D7-0E19-47FF-B3E7-E0CCBAA519F9}.Debug|Any CPU.Build.0 = Debug|Any CPU
		{5C9909D7-0E19-47FF-B3E7-E0CCBAA519F9}.Release|Any CPU.ActiveCfg = Release|Any CPU
		{5C9909D7-0E19-47FF-B3E7-E0CCBAA519F9}.Release|Any CPU.Build.0 = Release|Any CPU
		{32427911-16AE-4D97-ADB9-FA93EEE3A107}.Debug|Any CPU.ActiveCfg = Debug|Any CPU
		{32427911-16AE-4D97-ADB9-FA93EEE3A107}.Debug|Any CPU.Build.0 = Debug|Any CPU
		{32427911-16AE-4D97-ADB9-FA93EEE3A107}.Release|Any CPU.ActiveCfg = Release|Any CPU
		{32427911-16AE-4D97-ADB9-FA93EEE3A107}.Release|Any CPU.Build.0 = Release|Any CPU
		{06E79C8D-02B6-4341-89E6-3B8619211389}.Debug|Any CPU.ActiveCfg = Debug|Any CPU
		{06E79C8D-02B6-4341-89E6-3B8619211389}.Debug|Any CPU.Build.0 = Debug|Any CPU
		{06E79C8D-02B6-4341-89E6-3B8619211389}.Release|Any CPU.ActiveCfg = Release|Any CPU
		{06E79C8D-02B6-4341-89E6-3B8619211389}.Release|Any CPU.Build.0 = Release|Any CPU
		{D5ACF66B-68B4-44BE-9004-D0C445D00FF9}.Debug|Any CPU.ActiveCfg = Debug|Any CPU
		{D5ACF66B-68B4-44BE-9004-D0C445D00FF9}.Debug|Any CPU.Build.0 = Debug|Any CPU
		{D5ACF66B-68B4-44BE-9004-D0C445D00FF9}.Release|Any CPU.ActiveCfg = Release|Any CPU
		{D5ACF66B-68B4-44BE-9004-D0C445D00FF9}.Release|Any CPU.Build.0 = Release|Any CPU
		{1CB57F8D-69F5-4211-BC16-12711B5A1655}.Debug|Any CPU.ActiveCfg = Debug|Any CPU
		{1CB57F8D-69F5-4211-BC16-12711B5A1655}.Debug|Any CPU.Build.0 = Debug|Any CPU
		{1CB57F8D-69F5-4211-BC16-12711B5A1655}.Release|Any CPU.ActiveCfg = Release|Any CPU
		{1CB57F8D-69F5-4211-BC16-12711B5A1655}.Release|Any CPU.Build.0 = Release|Any CPU
		{20F9F9C3-36AC-4B02-B4ED-FE48DDB7A4A7}.Debug|Any CPU.ActiveCfg = Debug|Any CPU
		{20F9F9C3-36AC-4B02-B4ED-FE48DDB7A4A7}.Debug|Any CPU.Build.0 = Debug|Any CPU
		{20F9F9C3-36AC-4B02-B4ED-FE48DDB7A4A7}.Release|Any CPU.ActiveCfg = Release|Any CPU
		{20F9F9C3-36AC-4B02-B4ED-FE48DDB7A4A7}.Release|Any CPU.Build.0 = Release|Any CPU
		{92CF836F-8569-4C52-B368-EF236447A58C}.Debug|Any CPU.ActiveCfg = Debug|Any CPU
		{92CF836F-8569-4C52-B368-EF236447A58C}.Debug|Any CPU.Build.0 = Debug|Any CPU
		{92CF836F-8569-4C52-B368-EF236447A58C}.Release|Any CPU.ActiveCfg = Release|Any CPU
		{92CF836F-8569-4C52-B368-EF236447A58C}.Release|Any CPU.Build.0 = Release|Any CPU
		{65DAA723-5635-4397-A45A-0BF2FA21F9DA}.Debug|Any CPU.ActiveCfg = Debug|Any CPU
		{65DAA723-5635-4397-A45A-0BF2FA21F9DA}.Debug|Any CPU.Build.0 = Debug|Any CPU
		{65DAA723-5635-4397-A45A-0BF2FA21F9DA}.Release|Any CPU.ActiveCfg = Release|Any CPU
		{65DAA723-5635-4397-A45A-0BF2FA21F9DA}.Release|Any CPU.Build.0 = Release|Any CPU
		{2102DB89-B632-4EB7-AB77-82DF0EE62D34}.Debug|Any CPU.ActiveCfg = Debug|Any CPU
		{2102DB89-B632-4EB7-AB77-82DF0EE62D34}.Debug|Any CPU.Build.0 = Debug|Any CPU
		{2102DB89-B632-4EB7-AB77-82DF0EE62D34}.Release|Any CPU.ActiveCfg = Release|Any CPU
		{2102DB89-B632-4EB7-AB77-82DF0EE62D34}.Release|Any CPU.Build.0 = Release|Any CPU
		{5D514192-C2E7-487E-9A18-09DB5898A16C}.Debug|Any CPU.ActiveCfg = Debug|Any CPU
		{5D514192-C2E7-487E-9A18-09DB5898A16C}.Debug|Any CPU.Build.0 = Debug|Any CPU
		{5D514192-C2E7-487E-9A18-09DB5898A16C}.Release|Any CPU.ActiveCfg = Release|Any CPU
		{5D514192-C2E7-487E-9A18-09DB5898A16C}.Release|Any CPU.Build.0 = Release|Any CPU
		{1BFDAF99-DBE3-4325-B598-C40A7D5C50EA}.Debug|Any CPU.ActiveCfg = Debug|Any CPU
		{1BFDAF99-DBE3-4325-B598-C40A7D5C50EA}.Debug|Any CPU.Build.0 = Debug|Any CPU
		{1BFDAF99-DBE3-4325-B598-C40A7D5C50EA}.Release|Any CPU.ActiveCfg = Release|Any CPU
		{1BFDAF99-DBE3-4325-B598-C40A7D5C50EA}.Release|Any CPU.Build.0 = Release|Any CPU
		{00568E35-B98C-4366-8F13-3323679F6A1A}.Debug|Any CPU.ActiveCfg = Debug|Any CPU
		{00568E35-B98C-4366-8F13-3323679F6A1A}.Debug|Any CPU.Build.0 = Debug|Any CPU
		{00568E35-B98C-4366-8F13-3323679F6A1A}.Release|Any CPU.ActiveCfg = Release|Any CPU
		{00568E35-B98C-4366-8F13-3323679F6A1A}.Release|Any CPU.Build.0 = Release|Any CPU
	EndGlobalSection
	GlobalSection(SolutionProperties) = preSolution
		HideSolutionNode = FALSE
	EndGlobalSection
	GlobalSection(NestedProjects) = preSolution
		{D5D7633C-E516-4B5F-A928-C67BD1D70311} = {93D4F503-8EE2-491B-824F-A6A2934731A9}
		{722E7F88-42A3-41C6-A7E7-DFDC8614520B} = {93D4F503-8EE2-491B-824F-A6A2934731A9}
		{31E16DAC-1833-49F0-9799-6B080FED3036} = {93D4F503-8EE2-491B-824F-A6A2934731A9}
		{5C9909D7-0E19-47FF-B3E7-E0CCBAA519F9} = {6C1C5F27-4A56-4C17-9C92-D4810A2E8E8B}
		{32427911-16AE-4D97-ADB9-FA93EEE3A107} = {6C1C5F27-4A56-4C17-9C92-D4810A2E8E8B}
		{06E79C8D-02B6-4341-89E6-3B8619211389} = {6C1C5F27-4A56-4C17-9C92-D4810A2E8E8B}
		{D5ACF66B-68B4-44BE-9004-D0C445D00FF9} = {BC66CAF8-BA99-4C94-8AA1-569DED2F6E22}
		{1CB57F8D-69F5-4211-BC16-12711B5A1655} = {BC66CAF8-BA99-4C94-8AA1-569DED2F6E22}
		{20F9F9C3-36AC-4B02-B4ED-FE48DDB7A4A7} = {BC66CAF8-BA99-4C94-8AA1-569DED2F6E22}
		{92CF836F-8569-4C52-B368-EF236447A58C} = {D58B0B76-9FA1-4EC6-91E4-74AE61198B42}
		{65DAA723-5635-4397-A45A-0BF2FA21F9DA} = {D58B0B76-9FA1-4EC6-91E4-74AE61198B42}
		{2102DB89-B632-4EB7-AB77-82DF0EE62D34} = {D58B0B76-9FA1-4EC6-91E4-74AE61198B42}
		{5D514192-C2E7-487E-9A18-09DB5898A16C} = {5E73D280-8D5E-4A5F-A8D3-EEFB3C84016E}
		{1BFDAF99-DBE3-4325-B598-C40A7D5C50EA} = {5E73D280-8D5E-4A5F-A8D3-EEFB3C84016E}
		{00568E35-B98C-4366-8F13-3323679F6A1A} = {5E73D280-8D5E-4A5F-A8D3-EEFB3C84016E}
	EndGlobalSection
	GlobalSection(ExtensibilityGlobals) = postSolution
		SolutionGuid = {B7F9720F-59D9-4A66-B223-8299A2AAB6DD}
	EndGlobalSection
EndGlobal
